
Microsoft Visual Studio Solution File, Format Version 12.00
# Visual Studio Version 17
VisualStudioVersion = 17.3.32611.2
MinimumVisualStudioVersion = 10.0.40219.1
Project("{9A19103F-16F7-4668-BE54-9A1E7A4F7556}") = "fizzbuzz", "fizzbuzz\fizzbuzz.csproj", "{C33EFC5A-9896-41FB-9785-6CFA32187649}"
EndProject
Project("{FAE04EC0-301F-11D3-BF4B-00C04F79EFBC}") = "FizzBuzzLib", "FizzBuzzLib\FizzBuzzLib.csproj", "{B9205579-CEEF-43B0-A92C-0973D03EDE3D}"
EndProject
Project("{FAE04EC0-301F-11D3-BF4B-00C04F79EFBC}") = "FizzBuzzLib.Test", "FizzBuzzLib.Test\FizzBuzzLib.Test.csproj", "{4C934A9E-C96A-4A80-86D1-6598A4F087A1}"
EndProject
Global
	GlobalSection(SolutionConfigurationPlatforms) = preSolution
		Debug|Any CPU = Debug|Any CPU
		Release|Any CPU = Release|Any CPU
	EndGlobalSection
	GlobalSection(ProjectConfigurationPlatforms) = postSolution
		{C33EFC5A-9896-41FB-9785-6CFA32187649}.Debug|Any CPU.ActiveCfg = Debug|Any CPU
		{C33EFC5A-9896-41FB-9785-6CFA32187649}.Debug|Any CPU.Build.0 = Debug|Any CPU
		{C33EFC5A-9896-41FB-9785-6CFA32187649}.Release|Any CPU.ActiveCfg = Release|Any CPU
		{C33EFC5A-9896-41FB-9785-6CFA32187649}.Release|Any CPU.Build.0 = Release|Any CPU
		{B9205579-CEEF-43B0-A92C-0973D03EDE3D}.Debug|Any CPU.ActiveCfg = Debug|Any CPU
		{B9205579-CEEF-43B0-A92C-0973D03EDE3D}.Debug|Any CPU.Build.0 = Debug|Any CPU
		{B9205579-CEEF-43B0-A92C-0973D03EDE3D}.Release|Any CPU.ActiveCfg = Release|Any CPU
		{B9205579-CEEF-43B0-A92C-0973D03EDE3D}.Release|Any CPU.Build.0 = Release|Any CPU
		{4C934A9E-C96A-4A80-86D1-6598A4F087A1}.Debug|Any CPU.ActiveCfg = Debug|Any CPU
		{4C934A9E-C96A-4A80-86D1-6598A4F087A1}.Debug|Any CPU.Build.0 = Debug|Any CPU
		{4C934A9E-C96A-4A80-86D1-6598A4F087A1}.Release|Any CPU.ActiveCfg = Release|Any CPU
		{4C934A9E-C96A-4A80-86D1-6598A4F087A1}.Release|Any CPU.Build.0 = Release|Any CPU
	EndGlobalSection
	GlobalSection(SolutionProperties) = preSolution
		HideSolutionNode = FALSE
	EndGlobalSection
	GlobalSection(ExtensibilityGlobals) = postSolution
		SolutionGuid = {30103062-A76E-42FA-A123-907DCD67BF67}
	EndGlobalSection
EndGlobal
